// !$*UTF8*$!
{
	archiveVersion = 1;
	classes = {
	};
	objectVersion = 46;
	objects = {

/* Begin PBXBuildFile section */
		B945FF191CDB750700841E51 /* AppDelegate.swift in Sources */ = {isa = PBXBuildFile; fileRef = B945FF181CDB750700841E51 /* AppDelegate.swift */; };
		B945FF1B1CDB750700841E51 /* FirstViewController.swift in Sources */ = {isa = PBXBuildFile; fileRef = B945FF1A1CDB750700841E51 /* FirstViewController.swift */; };
		B945FF1D1CDB750700841E51 /* SecondViewController.swift in Sources */ = {isa = PBXBuildFile; fileRef = B945FF1C1CDB750700841E51 /* SecondViewController.swift */; };
		B945FF201CDB750700841E51 /* Main.storyboard in Resources */ = {isa = PBXBuildFile; fileRef = B945FF1E1CDB750700841E51 /* Main.storyboard */; };
		B945FF221CDB750700841E51 /* Assets.xcassets in Resources */ = {isa = PBXBuildFile; fileRef = B945FF211CDB750700841E51 /* Assets.xcassets */; };
		B945FF251CDB750700841E51 /* LaunchScreen.storyboard in Resources */ = {isa = PBXBuildFile; fileRef = B945FF231CDB750700841E51 /* LaunchScreen.storyboard */; };
/* End PBXBuildFile section */

/* Begin PBXFileReference section */
		B945FF151CDB750700841E51 /* To Do T1.app */ = {isa = PBXFileReference; explicitFileType = wrapper.application; includeInIndex = 0; path = "To Do T1.app"; sourceTree = BUILT_PRODUCTS_DIR; };
		B945FF181CDB750700841E51 /* AppDelegate.swift */ = {isa = PBXFileReference; lastKnownFileType = sourcecode.swift; path = AppDelegate.swift; sourceTree = "<group>"; };
		B945FF1A1CDB750700841E51 /* FirstViewController.swift */ = {isa = PBXFileReference; lastKnownFileType = sourcecode.swift; path = FirstViewController.swift; sourceTree = "<group>"; };
		B945FF1C1CDB750700841E51 /* SecondViewController.swift */ = {isa = PBXFileReference; lastKnownFileType = sourcecode.swift; path = SecondViewController.swift; sourceTree = "<group>"; };
		B945FF1F1CDB750700841E51 /* Base */ = {isa = PBXFileReference; lastKnownFileType = file.storyboard; name = Base; path = Base.lproj/Main.storyboard; sourceTree = "<group>"; };
		B945FF211CDB750700841E51 /* Assets.xcassets */ = {isa = PBXFileReference; lastKnownFileType = folder.assetcatalog; path = Assets.xcassets; sourceTree = "<group>"; };
		B945FF241CDB750700841E51 /* Base */ = {isa = PBXFileReference; lastKnownFileType = file.storyboard; name = Base; path = Base.lproj/LaunchScreen.storyboard; sourceTree = "<group>"; };
		B945FF261CDB750700841E51 /* Info.plist */ = {isa = PBXFileReference; lastKnownFileType = text.plist.xml; path = Info.plist; sourceTree = "<group>"; };
/* End PBXFileReference section */

/* Begin PBXFrameworksBuildPhase section */
		B945FF121CDB750700841E51 /* Frameworks */ = {
			isa = PBXFrameworksBuildPhase;
			buildActionMask = 2147483647;
			files = (
			);
			runOnlyForDeploymentPostprocessing = 0;
		};
/* End PBXFrameworksBuildPhase section */

/* Begin PBXGroup section */
		B945FF0C1CDB750700841E51 = {
			isa = PBXGroup;
			children = (
				B945FF171CDB750700841E51 /* To Do T1 */,
				B945FF161CDB750700841E51 /* Products */,
			);
			sourceTree = "<group>";
		};
		B945FF161CDB750700841E51 /* Products */ = {
			isa = PBXGroup;
			children = (
				B945FF151CDB750700841E51 /* To Do T1.app */,
			);
			name = Products;
			sourceTree = "<group>";
		};
		B945FF171CDB750700841E51 /* To Do T1 */ = {
			isa = PBXGroup;
			children = (
				B945FF181CDB750700841E51 /* AppDelegate.swift */,
				B945FF1A1CDB750700841E51 /* FirstViewController.swift */,
				B945FF1C1CDB750700841E51 /* SecondViewController.swift */,
				B945FF1E1CDB750700841E51 /* Main.storyboard */,
				B945FF211CDB750700841E51 /* Assets.xcassets */,
				B945FF231CDB750700841E51 /* LaunchScreen.storyboard */,
				B945FF261CDB750700841E51 /* Info.plist */,
			);
			path = "To Do T1";
			sourceTree = "<group>";
		};
/* End PBXGroup section */

/* Begin PBXNativeTarget section */
		B945FF141CDB750700841E51 /* To Do T1 */ = {
			isa = PBXNativeTarget;
			buildConfigurationList = B945FF291CDB750700841E51 /* Build configuration list for PBXNativeTarget "To Do T1" */;
			buildPhases = (
				B945FF111CDB750700841E51 /* Sources */,
				B945FF121CDB750700841E51 /* Frameworks */,
				B945FF131CDB750700841E51 /* Resources */,
			);
			buildRules = (
			);
			dependencies = (
			);
			name = "To Do T1";
			productName = "To Do T1";
			productReference = B945FF151CDB750700841E51 /* To Do T1.app */;
			productType = "com.apple.product-type.application";
		};
/* End PBXNativeTarget section */

/* Begin PBXProject section */
		B945FF0D1CDB750700841E51 /* Project object */ = {
			isa = PBXProject;
			attributes = {
				LastSwiftUpdateCheck = 0730;
				LastUpgradeCheck = 0730;
				ORGANIZATIONNAME = "Epic Loot";
				TargetAttributes = {
					B945FF141CDB750700841E51 = {
						CreatedOnToolsVersion = 7.3;
					};
				};
			};
			buildConfigurationList = B945FF101CDB750700841E51 /* Build configuration list for PBXProject "To Do T1" */;
			compatibilityVersion = "Xcode 3.2";
			developmentRegion = English;
			hasScannedForEncodings = 0;
			knownRegions = (
				en,
				Base,
			);
			mainGroup = B945FF0C1CDB750700841E51;
			productRefGroup = B945FF161CDB750700841E51 /* Products */;
			projectDirPath = "";
			projectRoot = "";
			targets = (
				B945FF141CDB750700841E51 /* To Do T1 */,
			);
		};
/* End PBXProject section */

/* Begin PBXResourcesBuildPhase section */
		B945FF131CDB750700841E51 /* Resources */ = {
			isa = PBXResourcesBuildPhase;
			buildActionMask = 2147483647;
			files = (
				B945FF251CDB750700841E51 /* LaunchScreen.storyboard in Resources */,
				B945FF221CDB750700841E51 /* Assets.xcassets in Resources */,
				B945FF201CDB750700841E51 /* Main.storyboard in Resources */,
			);
			runOnlyForDeploymentPostprocessing = 0;
		};
/* End PBXResourcesBuildPhase section */

/* Begin PBXSourcesBuildPhase section */
		B945FF111CDB750700841E51 /* Sources */ = {
			isa = PBXSourcesBuildPhase;
			buildActionMask = 2147483647;
			files = (
				B945FF1D1CDB750700841E51 /* SecondViewController.swift in Sources */,
				B945FF191CDB750700841E51 /* AppDelegate.swift in Sources */,
				B945FF1B1CDB750700841E51 /* FirstViewController.swift in Sources */,
			);
			runOnlyForDeploymentPostprocessing = 0;
		};
/* End PBXSourcesBuildPhase section */

/* Begin PBXVariantGroup section */
		B945FF1E1CDB750700841E51 /* Main.storyboard */ = {
			isa = PBXVariantGroup;
			children = (
				B945FF1F1CDB750700841E51 /* Base */,
			);
			name = Main.storyboard;
			sourceTree = "<group>";
		};
		B945FF231CDB750700841E51 /* LaunchScreen.storyboard */ = {
			isa = PBXVariantGroup;
			children = (
				B945FF241CDB750700841E51 /* Base */,
			);
			name = LaunchScreen.storyboard;
			sourceTree = "<group>";
		};
/* End PBXVariantGroup section */

/* Begin XCBuildConfiguration section */
		B945FF271CDB750700841E51 /* Debug */ = {
			isa = XCBuildConfiguration;
			buildSettings = {
				ALWAYS_SEARCH_USER_PATHS = NO;
				CLANG_ANALYZER_NONNULL = YES;
				CLANG_CXX_LANGUAGE_STANDARD = "gnu++0x";
				CLANG_CXX_LIBRARY = "libc++";
				CLANG_ENABLE_MODULES = YES;
				CLANG_ENABLE_OBJC_ARC = YES;
				CLANG_WARN_BOOL_CONVERSION = YES;
				CLANG_WARN_CONSTANT_CONVERSION = YES;
				CLANG_WARN_DIRECT_OBJC_ISA_USAGE = YES_ERROR;
				CLANG_WARN_EMPTY_BODY = YES;
				CLANG_WARN_ENUM_CONVERSION = YES;
				CLANG_WARN_INT_CONVERSION = YES;
				CLANG_WARN_OBJC_ROOT_CLASS = YES_ERROR;
				CLANG_WARN_UNREACHABLE_CODE = YES;
				CLANG_WARN__DUPLICATE_METHOD_MATCH = YES;
				"CODE_SIGN_IDENTITY[sdk=iphoneos*]" = "iPhone Developer";
				COPY_PHASE_STRIP = NO;
				DEBUG_INFORMATION_FORMAT = dwarf;
				ENABLE_STRICT_OBJC_MSGSEND = YES;
				ENABLE_TESTABILITY = YES;
				GCC_C_LANGUAGE_STANDARD = gnu99;
				GCC_DYNAMIC_NO_PIC = NO;
				GCC_NO_COMMON_BLOCKS = YES;
				GCC_OPTIMIZATION_LEVEL = 0;
				GCC_PREPROCESSOR_DEFINITIONS = (
					"DEBUG=1",
					"$(inherited)",
				);
				GCC_WARN_64_TO_32_BIT_CONVERSION = YES;
				GCC_WARN_ABOUT_RETURN_TYPE = YES_ERROR;
				GCC_WARN_UNDECLARED_SELECTOR = YES;
				GCC_WARN_UNINITIALIZED_AUTOS = YES_AGGRESSIVE;
				GCC_WARN_UNUSED_FUNCTION = YES;
				GCC_WARN_UNUSED_VARIABLE = YES;
				IPHONEOS_DEPLOYMENT_TARGET = 9.3;
				MTL_ENABLE_DEBUG_INFO = YES;
				ONLY_ACTIVE_ARCH = YES;
				SDKROOT = iphoneos;
				SWIFT_OPTIMIZATION_LEVEL = "-Onone";
			};
			name = Debug;
		};
		B945FF281CDB750700841E51 /* Release */ = {
			isa = XCBuildConfiguration;
			buildSettings = {
				ALWAYS_SEARCH_USER_PATHS = NO;
				CLANG_ANALYZER_NONNULL = YES;
				CLANG_CXX_LANGUAGE_STANDARD = "gnu++0x";
				CLANG_CXX_LIBRARY = "libc++";
				CLANG_ENABLE_MODULES = YES;
				CLANG_ENABLE_OBJC_ARC = YES;
				CLANG_WARN_BOOL_CONVERSION = YES;
				CLANG_WARN_CONSTANT_CONVERSION = YES;
				CLANG_WARN_DIRECT_OBJC_ISA_USAGE = YES_ERROR;
				CLANG_WARN_EMPTY_BODY = YES;
				CLANG_WARN_ENUM_CONVERSION = YES;
				CLANG_WARN_INT_CONVERSION = YES;
				CLANG_WARN_OBJC_ROOT_CLASS = YES_ERROR;
				CLANG_WARN_UNREACHABLE_CODE = YES;
				CLANG_WARN__DUPLICATE_METHOD_MATCH = YES;
				"CODE_SIGN_IDENTITY[sdk=iphoneos*]" = "iPhone Developer";
				COPY_PHASE_STRIP = NO;
				DEBUG_INFORMATION_FORMAT = "dwarf-with-dsym";
				ENABLE_NS_ASSERTIONS = NO;
				ENABLE_STRICT_OBJC_MSGSEND = YES;
				GCC_C_LANGUAGE_STANDARD = gnu99;
				GCC_NO_COMMON_BLOCKS = YES;
				GCC_WARN_64_TO_32_BIT_CONVERSION = YES;
				GCC_WARN_ABOUT_RETURN_TYPE = YES_ERROR;
				GCC_WARN_UNDECLARED_SELECTOR = YES;
				GCC_WARN_UNINITIALIZED_AUTOS = YES_AGGRESSIVE;
				GCC_WARN_UNUSED_FUNCTION = YES;
				GCC_WARN_UNUSED_VARIABLE = YES;
				IPHONEOS_DEPLOYMENT_TARGET = 9.3;
				MTL_ENABLE_DEBUG_INFO = NO;
				SDKROOT = iphoneos;
				VALIDATE_PRODUCT = YES;
			};
			name = Release;
		};
		B945FF2A1CDB750700841E51 /* Debug */ = {
			isa = XCBuildConfiguration;
			buildSettings = {
				ASSETCATALOG_COMPILER_APPICON_NAME = AppIcon;
				INFOPLIST_FILE = "To Do T1/Info.plist";
				LD_RUNPATH_SEARCH_PATHS = "$(inherited) @executable_path/Frameworks";
				PRODUCT_BUNDLE_IDENTIFIER = "com.pavley.To-Do-T1";
				PRODUCT_NAME = "$(TARGET_NAME)";
			};
			name = Debug;
		};
		B945FF2B1CDB750700841E51 /* Release */ = {
			isa = XCBuildConfiguration;
			buildSettings = {
				ASSETCATALOG_COMPILER_APPICON_NAME = AppIcon;
				INFOPLIST_FILE = "To Do T1/Info.plist";
				LD_RUNPATH_SEARCH_PATHS = "$(inherited) @executable_path/Frameworks";
				PRODUCT_BUNDLE_IDENTIFIER = "com.pavley.To-Do-T1";
				PRODUCT_NAME = "$(TARGET_NAME)";
			};
			name = Release;
		};
/* End XCBuildConfiguration section */

/* Begin XCConfigurationList section */
		B945FF101CDB750700841E51 /* Build configuration list for PBXProject "To Do T1" */ = {
			isa = XCConfigurationList;
			buildConfigurations = (
				B945FF271CDB750700841E51 /* Debug */,
				B945FF281CDB750700841E51 /* Release */,
			);
			defaultConfigurationIsVisible = 0;
			defaultConfigurationName = Release;
		};
		B945FF291CDB750700841E51 /* Build configuration list for PBXNativeTarget "To Do T1" */ = {
			isa = XCConfigurationList;
			buildConfigurations = (
				B945FF2A1CDB750700841E51 /* Debug */,
				B945FF2B1CDB750700841E51 /* Release */,
			);
			defaultConfigurationIsVisible = 0;
		};
/* End XCConfigurationList section */
	};
	rootObject = B945FF0D1CDB750700841E51 /* Project object */;
}
